// !$*UTF8*$!
{
	archiveVersion = 1;
	classes = {
	};
	objectVersion = 50;
	objects = {

/* Begin PBXBuildFile section */
		CD35719025641D3D00E03989 /* DesignCodeApp.swift in Sources */ = {isa = PBXBuildFile; fileRef = CD35718F25641D3D00E03989 /* DesignCodeApp.swift */; };
		CD35719225641D3D00E03989 /* ContentView.swift in Sources */ = {isa = PBXBuildFile; fileRef = CD35719125641D3D00E03989 /* ContentView.swift */; };
		CD35719425641D3E00E03989 /* Assets.xcassets in Resources */ = {isa = PBXBuildFile; fileRef = CD35719325641D3E00E03989 /* Assets.xcassets */; };
		CD35719725641D3E00E03989 /* Preview Assets.xcassets in Resources */ = {isa = PBXBuildFile; fileRef = CD35719625641D3E00E03989 /* Preview Assets.xcassets */; };
		CD7A14CF25A1F310009ACE6E /* RingView.swift in Sources */ = {isa = PBXBuildFile; fileRef = CD7A14CE25A1F310009ACE6E /* RingView.swift */; };
		CDBE598825A1BFAE003A0C7A /* UpdateDetail.swift in Sources */ = {isa = PBXBuildFile; fileRef = CDBE598725A1BFAE003A0C7A /* UpdateDetail.swift */; };
		CDBE598B25A1C422003A0C7A /* UpdateStore.swift in Sources */ = {isa = PBXBuildFile; fileRef = CDBE598A25A1C422003A0C7A /* UpdateStore.swift */; };
		CDBE598F25A1DD91003A0C7A /* TopBar.swift in Sources */ = {isa = PBXBuildFile; fileRef = CDBE598E25A1DD91003A0C7A /* TopBar.swift */; };
		CDE3F4A725A377A4003900CD /* Modifiers.swift in Sources */ = {isa = PBXBuildFile; fileRef = CDE3F4A625A377A4003900CD /* Modifiers.swift */; };
		CDE3F4B525A37B94003900CD /* WorkSans-Regular.ttf in Resources */ = {isa = PBXBuildFile; fileRef = CDE3F4AB25A37B94003900CD /* WorkSans-Regular.ttf */; };
		CDE3F4B625A37B94003900CD /* WorkSans-Light.ttf in Resources */ = {isa = PBXBuildFile; fileRef = CDE3F4AC25A37B94003900CD /* WorkSans-Light.ttf */; };
		CDE3F4B725A37B94003900CD /* WorkSans-ExtraBold.ttf in Resources */ = {isa = PBXBuildFile; fileRef = CDE3F4AD25A37B94003900CD /* WorkSans-ExtraBold.ttf */; };
		CDE3F4B825A37B94003900CD /* WorkSans-ExtraLight.ttf in Resources */ = {isa = PBXBuildFile; fileRef = CDE3F4AE25A37B94003900CD /* WorkSans-ExtraLight.ttf */; };
		CDE3F4B925A37B94003900CD /* WorkSans-Medium.ttf in Resources */ = {isa = PBXBuildFile; fileRef = CDE3F4AF25A37B94003900CD /* WorkSans-Medium.ttf */; };
		CDE3F4BA25A37B94003900CD /* WorkSans-SemiBold.ttf in Resources */ = {isa = PBXBuildFile; fileRef = CDE3F4B025A37B94003900CD /* WorkSans-SemiBold.ttf */; };
		CDE3F4BB25A37B94003900CD /* OFL.txt in Resources */ = {isa = PBXBuildFile; fileRef = CDE3F4B125A37B94003900CD /* OFL.txt */; };
		CDE3F4BC25A37B94003900CD /* WorkSans-Thin.ttf in Resources */ = {isa = PBXBuildFile; fileRef = CDE3F4B225A37B94003900CD /* WorkSans-Thin.ttf */; };
		CDE3F4BD25A37B94003900CD /* WorkSans-Black.ttf in Resources */ = {isa = PBXBuildFile; fileRef = CDE3F4B325A37B94003900CD /* WorkSans-Black.ttf */; };
		CDE3F4BE25A37B94003900CD /* WorkSans-Bold.ttf in Resources */ = {isa = PBXBuildFile; fileRef = CDE3F4B425A37B94003900CD /* WorkSans-Bold.ttf */; };
		CDED27592587AB4700EC61CA /* MenuView.swift in Sources */ = {isa = PBXBuildFile; fileRef = CDED27582587AB4700EC61CA /* MenuView.swift */; };
		CDED275D2587B36C00EC61CA /* Home.swift in Sources */ = {isa = PBXBuildFile; fileRef = CDED275C2587B36C00EC61CA /* Home.swift */; };
		CDF7A32625A17D0400EDC3C2 /* HomeView.swift in Sources */ = {isa = PBXBuildFile; fileRef = CDF7A32525A17D0400EDC3C2 /* HomeView.swift */; };
		CDF7A32925A17F1500EDC3C2 /* AvatarView.swift in Sources */ = {isa = PBXBuildFile; fileRef = CDF7A32825A17F1500EDC3C2 /* AvatarView.swift */; };
		CDF7A32C25A19B5900EDC3C2 /* UpdateList.swift in Sources */ = {isa = PBXBuildFile; fileRef = CDF7A32B25A19B5900EDC3C2 /* UpdateList.swift */; };
/* End PBXBuildFile section */

/* Begin PBXFileReference section */
		CD35718C25641D3D00E03989 /* DesignCode.app */ = {isa = PBXFileReference; explicitFileType = wrapper.application; includeInIndex = 0; path = DesignCode.app; sourceTree = BUILT_PRODUCTS_DIR; };
		CD35718F25641D3D00E03989 /* DesignCodeApp.swift */ = {isa = PBXFileReference; lastKnownFileType = sourcecode.swift; path = DesignCodeApp.swift; sourceTree = "<group>"; };
		CD35719125641D3D00E03989 /* ContentView.swift */ = {isa = PBXFileReference; lastKnownFileType = sourcecode.swift; path = ContentView.swift; sourceTree = "<group>"; };
		CD35719325641D3E00E03989 /* Assets.xcassets */ = {isa = PBXFileReference; lastKnownFileType = folder.assetcatalog; path = Assets.xcassets; sourceTree = "<group>"; };
		CD35719625641D3E00E03989 /* Preview Assets.xcassets */ = {isa = PBXFileReference; lastKnownFileType = folder.assetcatalog; path = "Preview Assets.xcassets"; sourceTree = "<group>"; };
		CD35719825641D3E00E03989 /* Info.plist */ = {isa = PBXFileReference; lastKnownFileType = text.plist.xml; path = Info.plist; sourceTree = "<group>"; };
		CD7A14CE25A1F310009ACE6E /* RingView.swift */ = {isa = PBXFileReference; lastKnownFileType = sourcecode.swift; path = RingView.swift; sourceTree = "<group>"; };
		CDBE598725A1BFAE003A0C7A /* UpdateDetail.swift */ = {isa = PBXFileReference; lastKnownFileType = sourcecode.swift; path = UpdateDetail.swift; sourceTree = "<group>"; };
		CDBE598A25A1C422003A0C7A /* UpdateStore.swift */ = {isa = PBXFileReference; lastKnownFileType = sourcecode.swift; path = UpdateStore.swift; sourceTree = "<group>"; };
		CDBE598E25A1DD91003A0C7A /* TopBar.swift */ = {isa = PBXFileReference; lastKnownFileType = sourcecode.swift; path = TopBar.swift; sourceTree = "<group>"; };
		CDE3F4A625A377A4003900CD /* Modifiers.swift */ = {isa = PBXFileReference; lastKnownFileType = sourcecode.swift; path = Modifiers.swift; sourceTree = "<group>"; };
		CDE3F4AB25A37B94003900CD /* WorkSans-Regular.ttf */ = {isa = PBXFileReference; lastKnownFileType = file; path = "WorkSans-Regular.ttf"; sourceTree = "<group>"; };
		CDE3F4AC25A37B94003900CD /* WorkSans-Light.ttf */ = {isa = PBXFileReference; lastKnownFileType = file; path = "WorkSans-Light.ttf"; sourceTree = "<group>"; };
		CDE3F4AD25A37B94003900CD /* WorkSans-ExtraBold.ttf */ = {isa = PBXFileReference; lastKnownFileType = file; path = "WorkSans-ExtraBold.ttf"; sourceTree = "<group>"; };
		CDE3F4AE25A37B94003900CD /* WorkSans-ExtraLight.ttf */ = {isa = PBXFileReference; lastKnownFileType = file; path = "WorkSans-ExtraLight.ttf"; sourceTree = "<group>"; };
		CDE3F4AF25A37B94003900CD /* WorkSans-Medium.ttf */ = {isa = PBXFileReference; lastKnownFileType = file; path = "WorkSans-Medium.ttf"; sourceTree = "<group>"; };
		CDE3F4B025A37B94003900CD /* WorkSans-SemiBold.ttf */ = {isa = PBXFileReference; lastKnownFileType = file; path = "WorkSans-SemiBold.ttf"; sourceTree = "<group>"; };
		CDE3F4B125A37B94003900CD /* OFL.txt */ = {isa = PBXFileReference; fileEncoding = 4; lastKnownFileType = text; path = OFL.txt; sourceTree = "<group>"; };
		CDE3F4B225A37B94003900CD /* WorkSans-Thin.ttf */ = {isa = PBXFileReference; lastKnownFileType = file; path = "WorkSans-Thin.ttf"; sourceTree = "<group>"; };
		CDE3F4B325A37B94003900CD /* WorkSans-Black.ttf */ = {isa = PBXFileReference; lastKnownFileType = file; path = "WorkSans-Black.ttf"; sourceTree = "<group>"; };
		CDE3F4B425A37B94003900CD /* WorkSans-Bold.ttf */ = {isa = PBXFileReference; lastKnownFileType = file; path = "WorkSans-Bold.ttf"; sourceTree = "<group>"; };
		CDED27582587AB4700EC61CA /* MenuView.swift */ = {isa = PBXFileReference; lastKnownFileType = sourcecode.swift; path = MenuView.swift; sourceTree = "<group>"; };
		CDED275C2587B36C00EC61CA /* Home.swift */ = {isa = PBXFileReference; lastKnownFileType = sourcecode.swift; path = Home.swift; sourceTree = "<group>"; };
		CDF7A32525A17D0400EDC3C2 /* HomeView.swift */ = {isa = PBXFileReference; lastKnownFileType = sourcecode.swift; path = HomeView.swift; sourceTree = "<group>"; };
		CDF7A32825A17F1500EDC3C2 /* AvatarView.swift */ = {isa = PBXFileReference; lastKnownFileType = sourcecode.swift; path = AvatarView.swift; sourceTree = "<group>"; };
		CDF7A32B25A19B5900EDC3C2 /* UpdateList.swift */ = {isa = PBXFileReference; lastKnownFileType = sourcecode.swift; path = UpdateList.swift; sourceTree = "<group>"; };
/* End PBXFileReference section */

/* Begin PBXFrameworksBuildPhase section */
		CD35718925641D3D00E03989 /* Frameworks */ = {
			isa = PBXFrameworksBuildPhase;
			buildActionMask = 2147483647;
			files = (
			);
			runOnlyForDeploymentPostprocessing = 0;
		};
/* End PBXFrameworksBuildPhase section */

/* Begin PBXGroup section */
		CD35718325641D3D00E03989 = {
			isa = PBXGroup;
			children = (
				CD35718E25641D3D00E03989 /* DesignCode */,
				CD35718D25641D3D00E03989 /* Products */,
			);
			sourceTree = "<group>";
		};
		CD35718D25641D3D00E03989 /* Products */ = {
			isa = PBXGroup;
			children = (
				CD35718C25641D3D00E03989 /* DesignCode.app */,
			);
			name = Products;
			sourceTree = "<group>";
		};
		CD35718E25641D3D00E03989 /* DesignCode */ = {
			isa = PBXGroup;
			children = (
				CD35718F25641D3D00E03989 /* DesignCodeApp.swift */,
				CD35719125641D3D00E03989 /* ContentView.swift */,
				CD7A14CE25A1F310009ACE6E /* RingView.swift */,
				CDE3F4A625A377A4003900CD /* Modifiers.swift */,
				CDED275C2587B36C00EC61CA /* Home.swift */,
				CDF7A32825A17F1500EDC3C2 /* AvatarView.swift */,
				CDF7A32525A17D0400EDC3C2 /* HomeView.swift */,
				CDED27582587AB4700EC61CA /* MenuView.swift */,
				CDF7A32B25A19B5900EDC3C2 /* UpdateList.swift */,
				CDBE598725A1BFAE003A0C7A /* UpdateDetail.swift */,
				CDBE598A25A1C422003A0C7A /* UpdateStore.swift */,
				CDBE598E25A1DD91003A0C7A /* TopBar.swift */,
				CD35719325641D3E00E03989 /* Assets.xcassets */,
				CDE3F4AA25A37B94003900CD /* Work_Sans */,
				CD35719825641D3E00E03989 /* Info.plist */,
				CD35719525641D3E00E03989 /* Preview Content */,
			);
			path = DesignCode;
			sourceTree = "<group>";
		};
		CD35719525641D3E00E03989 /* Preview Content */ = {
			isa = PBXGroup;
			children = (
				CD35719625641D3E00E03989 /* Preview Assets.xcassets */,
			);
			path = "Preview Content";
			sourceTree = "<group>";
		};
		CDE3F4AA25A37B94003900CD /* Work_Sans */ = {
			isa = PBXGroup;
			children = (
				CDE3F4AB25A37B94003900CD /* WorkSans-Regular.ttf */,
				CDE3F4AC25A37B94003900CD /* WorkSans-Light.ttf */,
				CDE3F4AD25A37B94003900CD /* WorkSans-ExtraBold.ttf */,
				CDE3F4AE25A37B94003900CD /* WorkSans-ExtraLight.ttf */,
				CDE3F4AF25A37B94003900CD /* WorkSans-Medium.ttf */,
				CDE3F4B025A37B94003900CD /* WorkSans-SemiBold.ttf */,
				CDE3F4B125A37B94003900CD /* OFL.txt */,
				CDE3F4B225A37B94003900CD /* WorkSans-Thin.ttf */,
				CDE3F4B325A37B94003900CD /* WorkSans-Black.ttf */,
				CDE3F4B425A37B94003900CD /* WorkSans-Bold.ttf */,
			);
			path = Work_Sans;
			sourceTree = "<group>";
		};
/* End PBXGroup section */

/* Begin PBXNativeTarget section */
		CD35718B25641D3D00E03989 /* DesignCode */ = {
			isa = PBXNativeTarget;
			buildConfigurationList = CD35719B25641D3E00E03989 /* Build configuration list for PBXNativeTarget "DesignCode" */;
			buildPhases = (
				CD35718825641D3D00E03989 /* Sources */,
				CD35718925641D3D00E03989 /* Frameworks */,
				CD35718A25641D3D00E03989 /* Resources */,
			);
			buildRules = (
			);
			dependencies = (
			);
			name = DesignCode;
			productName = DesignCode;
			productReference = CD35718C25641D3D00E03989 /* DesignCode.app */;
			productType = "com.apple.product-type.application";
		};
/* End PBXNativeTarget section */

/* Begin PBXProject section */
		CD35718425641D3D00E03989 /* Project object */ = {
			isa = PBXProject;
			attributes = {
				LastSwiftUpdateCheck = 1220;
				LastUpgradeCheck = 1220;
				TargetAttributes = {
					CD35718B25641D3D00E03989 = {
						CreatedOnToolsVersion = 12.2;
					};
				};
			};
			buildConfigurationList = CD35718725641D3D00E03989 /* Build configuration list for PBXProject "DesignCode" */;
			compatibilityVersion = "Xcode 9.3";
			developmentRegion = en;
			hasScannedForEncodings = 0;
			knownRegions = (
				en,
				Base,
				"zh-Hans",
			);
			mainGroup = CD35718325641D3D00E03989;
			productRefGroup = CD35718D25641D3D00E03989 /* Products */;
			projectDirPath = "";
			projectRoot = "";
			targets = (
				CD35718B25641D3D00E03989 /* DesignCode */,
			);
		};
/* End PBXProject section */

/* Begin PBXResourcesBuildPhase section */
		CD35718A25641D3D00E03989 /* Resources */ = {
			isa = PBXResourcesBuildPhase;
			buildActionMask = 2147483647;
			files = (
				CDE3F4B525A37B94003900CD /* WorkSans-Regular.ttf in Resources */,
				CD35719725641D3E00E03989 /* Preview Assets.xcassets in Resources */,
				CD35719425641D3E00E03989 /* Assets.xcassets in Resources */,
				CDE3F4BC25A37B94003900CD /* WorkSans-Thin.ttf in Resources */,
				CDE3F4BB25A37B94003900CD /* OFL.txt in Resources */,
				CDE3F4B725A37B94003900CD /* WorkSans-ExtraBold.ttf in Resources */,
				CDE3F4B825A37B94003900CD /* WorkSans-ExtraLight.ttf in Resources */,
				CDE3F4BA25A37B94003900CD /* WorkSans-SemiBold.ttf in Resources */,
				CDE3F4B925A37B94003900CD /* WorkSans-Medium.ttf in Resources */,
				CDE3F4BD25A37B94003900CD /* WorkSans-Black.ttf in Resources */,
				CDE3F4B625A37B94003900CD /* WorkSans-Light.ttf in Resources */,
				CDE3F4BE25A37B94003900CD /* WorkSans-Bold.ttf in Resources */,
			);
			runOnlyForDeploymentPostprocessing = 0;
		};
/* End PBXResourcesBuildPhase section */

/* Begin PBXSourcesBuildPhase section */
		CD35718825641D3D00E03989 /* Sources */ = {
			isa = PBXSourcesBuildPhase;
			buildActionMask = 2147483647;
			files = (
				CD35719225641D3D00E03989 /* ContentView.swift in Sources */,
				CDBE598B25A1C422003A0C7A /* UpdateStore.swift in Sources */,
				CDF7A32C25A19B5900EDC3C2 /* UpdateList.swift in Sources */,
				CDF7A32925A17F1500EDC3C2 /* AvatarView.swift in Sources */,
				CDE3F4A725A377A4003900CD /* Modifiers.swift in Sources */,
				CDBE598825A1BFAE003A0C7A /* UpdateDetail.swift in Sources */,
				CD7A14CF25A1F310009ACE6E /* RingView.swift in Sources */,
				CDED27592587AB4700EC61CA /* MenuView.swift in Sources */,
				CDED275D2587B36C00EC61CA /* Home.swift in Sources */,
				CDBE598F25A1DD91003A0C7A /* TopBar.swift in Sources */,
				CDF7A32625A17D0400EDC3C2 /* HomeView.swift in Sources */,
				CD35719025641D3D00E03989 /* DesignCodeApp.swift in Sources */,
			);
			runOnlyForDeploymentPostprocessing = 0;
		};
/* End PBXSourcesBuildPhase section */

/* Begin XCBuildConfiguration section */
		CD35719925641D3E00E03989 /* Debug */ = {
			isa = XCBuildConfiguration;
			buildSettings = {
				ALWAYS_SEARCH_USER_PATHS = NO;
				CLANG_ANALYZER_NONNULL = YES;
				CLANG_ANALYZER_NUMBER_OBJECT_CONVERSION = YES_AGGRESSIVE;
				CLANG_CXX_LANGUAGE_STANDARD = "gnu++14";
				CLANG_CXX_LIBRARY = "libc++";
				CLANG_ENABLE_MODULES = YES;
				CLANG_ENABLE_OBJC_ARC = YES;
				CLANG_ENABLE_OBJC_WEAK = YES;
				CLANG_WARN_BLOCK_CAPTURE_AUTORELEASING = YES;
				CLANG_WARN_BOOL_CONVERSION = YES;
				CLANG_WARN_COMMA = YES;
				CLANG_WARN_CONSTANT_CONVERSION = YES;
				CLANG_WARN_DEPRECATED_OBJC_IMPLEMENTATIONS = YES;
				CLANG_WARN_DIRECT_OBJC_ISA_USAGE = YES_ERROR;
				CLANG_WARN_DOCUMENTATION_COMMENTS = YES;
				CLANG_WARN_EMPTY_BODY = YES;
				CLANG_WARN_ENUM_CONVERSION = YES;
				CLANG_WARN_INFINITE_RECURSION = YES;
				CLANG_WARN_INT_CONVERSION = YES;
				CLANG_WARN_NON_LITERAL_NULL_CONVERSION = YES;
				CLANG_WARN_OBJC_IMPLICIT_RETAIN_SELF = YES;
				CLANG_WARN_OBJC_LITERAL_CONVERSION = YES;
				CLANG_WARN_OBJC_ROOT_CLASS = YES_ERROR;
				CLANG_WARN_QUOTED_INCLUDE_IN_FRAMEWORK_HEADER = YES;
				CLANG_WARN_RANGE_LOOP_ANALYSIS = YES;
				CLANG_WARN_STRICT_PROTOTYPES = YES;
				CLANG_WARN_SUSPICIOUS_MOVE = YES;
				CLANG_WARN_UNGUARDED_AVAILABILITY = YES_AGGRESSIVE;
				CLANG_WARN_UNREACHABLE_CODE = YES;
				CLANG_WARN__DUPLICATE_METHOD_MATCH = YES;
				COPY_PHASE_STRIP = NO;
				DEBUG_INFORMATION_FORMAT = dwarf;
				ENABLE_STRICT_OBJC_MSGSEND = YES;
				ENABLE_TESTABILITY = YES;
				GCC_C_LANGUAGE_STANDARD = gnu11;
				GCC_DYNAMIC_NO_PIC = NO;
				GCC_NO_COMMON_BLOCKS = YES;
				GCC_OPTIMIZATION_LEVEL = 0;
				GCC_PREPROCESSOR_DEFINITIONS = (
					"DEBUG=1",
					"$(inherited)",
				);
				GCC_WARN_64_TO_32_BIT_CONVERSION = YES;
				GCC_WARN_ABOUT_RETURN_TYPE = YES_ERROR;
				GCC_WARN_UNDECLARED_SELECTOR = YES;
				GCC_WARN_UNINITIALIZED_AUTOS = YES_AGGRESSIVE;
				GCC_WARN_UNUSED_FUNCTION = YES;
				GCC_WARN_UNUSED_VARIABLE = YES;
				IPHONEOS_DEPLOYMENT_TARGET = 14.2;
				MTL_ENABLE_DEBUG_INFO = INCLUDE_SOURCE;
				MTL_FAST_MATH = YES;
				ONLY_ACTIVE_ARCH = YES;
				SDKROOT = iphoneos;
				SWIFT_ACTIVE_COMPILATION_CONDITIONS = DEBUG;
				SWIFT_OPTIMIZATION_LEVEL = "-Onone";
			};
			name = Debug;
		};
		CD35719A25641D3E00E03989 /* Release */ = {
			isa = XCBuildConfiguration;
			buildSettings = {
				ALWAYS_SEARCH_USER_PATHS = NO;
				CLANG_ANALYZER_NONNULL = YES;
				CLANG_ANALYZER_NUMBER_OBJECT_CONVERSION = YES_AGGRESSIVE;
				CLANG_CXX_LANGUAGE_STANDARD = "gnu++14";
				CLANG_CXX_LIBRARY = "libc++";
				CLANG_ENABLE_MODULES = YES;
				CLANG_ENABLE_OBJC_ARC = YES;
				CLANG_ENABLE_OBJC_WEAK = YES;
				CLANG_WARN_BLOCK_CAPTURE_AUTORELEASING = YES;
				CLANG_WARN_BOOL_CONVERSION = YES;
				CLANG_WARN_COMMA = YES;
				CLANG_WARN_CONSTANT_CONVERSION = YES;
				CLANG_WARN_DEPRECATED_OBJC_IMPLEMENTATIONS = YES;
				CLANG_WARN_DIRECT_OBJC_ISA_USAGE = YES_ERROR;
				CLANG_WARN_DOCUMENTATION_COMMENTS = YES;
				CLANG_WARN_EMPTY_BODY = YES;
				CLANG_WARN_ENUM_CONVERSION = YES;
				CLANG_WARN_INFINITE_RECURSION = YES;
				CLANG_WARN_INT_CONVERSION = YES;
				CLANG_WARN_NON_LITERAL_NULL_CONVERSION = YES;
				CLANG_WARN_OBJC_IMPLICIT_RETAIN_SELF = YES;
				CLANG_WARN_OBJC_LITERAL_CONVERSION = YES;
				CLANG_WARN_OBJC_ROOT_CLASS = YES_ERROR;
				CLANG_WARN_QUOTED_INCLUDE_IN_FRAMEWORK_HEADER = YES;
				CLANG_WARN_RANGE_LOOP_ANALYSIS = YES;
				CLANG_WARN_STRICT_PROTOTYPES = YES;
				CLANG_WARN_SUSPICIOUS_MOVE = YES;
				CLANG_WARN_UNGUARDED_AVAILABILITY = YES_AGGRESSIVE;
				CLANG_WARN_UNREACHABLE_CODE = YES;
				CLANG_WARN__DUPLICATE_METHOD_MATCH = YES;
				COPY_PHASE_STRIP = NO;
				DEBUG_INFORMATION_FORMAT = "dwarf-with-dsym";
				ENABLE_NS_ASSERTIONS = NO;
				ENABLE_STRICT_OBJC_MSGSEND = YES;
				GCC_C_LANGUAGE_STANDARD = gnu11;
				GCC_NO_COMMON_BLOCKS = YES;
				GCC_WARN_64_TO_32_BIT_CONVERSION = YES;
				GCC_WARN_ABOUT_RETURN_TYPE = YES_ERROR;
				GCC_WARN_UNDECLARED_SELECTOR = YES;
				GCC_WARN_UNINITIALIZED_AUTOS = YES_AGGRESSIVE;
				GCC_WARN_UNUSED_FUNCTION = YES;
				GCC_WARN_UNUSED_VARIABLE = YES;
				IPHONEOS_DEPLOYMENT_TARGET = 14.2;
				MTL_ENABLE_DEBUG_INFO = NO;
				MTL_FAST_MATH = YES;
				SDKROOT = iphoneos;
				SWIFT_COMPILATION_MODE = wholemodule;
				SWIFT_OPTIMIZATION_LEVEL = "-O";
				VALIDATE_PRODUCT = YES;
			};
			name = Release;
		};
		CD35719C25641D3E00E03989 /* Debug */ = {
			isa = XCBuildConfiguration;
			buildSettings = {
				ASSETCATALOG_COMPILER_APPICON_NAME = AppIcon;
				ASSETCATALOG_COMPILER_GLOBAL_ACCENT_COLOR_NAME = AccentColor;
				CODE_SIGN_STYLE = Automatic;
				DEVELOPMENT_ASSET_PATHS = "\"DesignCode/Preview Content\"";
				DEVELOPMENT_TEAM = REKCCMYM5E;
				ENABLE_PREVIEWS = YES;
				INFOPLIST_FILE = DesignCode/Info.plist;
				IPHONEOS_DEPLOYMENT_TARGET = 14.0;
				LD_RUNPATH_SEARCH_PATHS = (
					"$(inherited)",
					"@executable_path/Frameworks",
				);
				PRODUCT_BUNDLE_IDENTIFIER = com.lirh.DesignCode;
				PRODUCT_NAME = "$(TARGET_NAME)";
				SWIFT_VERSION = 5.0;
				TARGETED_DEVICE_FAMILY = "1,2";
			};
			name = Debug;
		};
		CD35719D25641D3E00E03989 /* Release */ = {
			isa = XCBuildConfiguration;
			buildSettings = {
				ASSETCATALOG_COMPILER_APPICON_NAME = AppIcon;
				ASSETCATALOG_COMPILER_GLOBAL_ACCENT_COLOR_NAME = AccentColor;
				CODE_SIGN_STYLE = Automatic;
				DEVELOPMENT_ASSET_PATHS = "\"DesignCode/Preview Content\"";
				DEVELOPMENT_TEAM = REKCCMYM5E;
				ENABLE_PREVIEWS = YES;
				INFOPLIST_FILE = DesignCode/Info.plist;
				IPHONEOS_DEPLOYMENT_TARGET = 14.0;
				LD_RUNPATH_SEARCH_PATHS = (
					"$(inherited)",
					"@executable_path/Frameworks",
				);
				PRODUCT_BUNDLE_IDENTIFIER = com.lirh.DesignCode;
				PRODUCT_NAME = "$(TARGET_NAME)";
				SWIFT_VERSION = 5.0;
				TARGETED_DEVICE_FAMILY = "1,2";
			};
			name = Release;
		};
/* End XCBuildConfiguration section */

/* Begin XCConfigurationList section */
		CD35718725641D3D00E03989 /* Build configuration list for PBXProject "DesignCode" */ = {
			isa = XCConfigurationList;
			buildConfigurations = (
				CD35719925641D3E00E03989 /* Debug */,
				CD35719A25641D3E00E03989 /* Release */,
			);
			defaultConfigurationIsVisible = 0;
			defaultConfigurationName = Release;
		};
		CD35719B25641D3E00E03989 /* Build configuration list for PBXNativeTarget "DesignCode" */ = {
			isa = XCConfigurationList;
			buildConfigurations = (
				CD35719C25641D3E00E03989 /* Debug */,
				CD35719D25641D3E00E03989 /* Release */,
			);
			defaultConfigurationIsVisible = 0;
			defaultConfigurationName = Release;
		};
/* End XCConfigurationList section */
	};
	rootObject = CD35718425641D3D00E03989 /* Project object */;
}
